// !$*UTF8*$!
{
	archiveVersion = 1;
	classes = {
	};
	objectVersion = 50;
	objects = {

/* Begin PBXBuildFile section */
		94241CDC2751DE9600B577AB /* AppDelegate.swift in Sources */ = {isa = PBXBuildFile; fileRef = 94241CDB2751DE9600B577AB /* AppDelegate.swift */; };
		94241CDE2751DE9600B577AB /* SceneDelegate.swift in Sources */ = {isa = PBXBuildFile; fileRef = 94241CDD2751DE9600B577AB /* SceneDelegate.swift */; };
		94241CE02751DE9600B577AB /* ViewController.swift in Sources */ = {isa = PBXBuildFile; fileRef = 94241CDF2751DE9600B577AB /* ViewController.swift */; };
		94241CE32751DE9600B577AB /* Main.storyboard in Resources */ = {isa = PBXBuildFile; fileRef = 94241CE12751DE9600B577AB /* Main.storyboard */; };
		94241CE52751DE9700B577AB /* Assets.xcassets in Resources */ = {isa = PBXBuildFile; fileRef = 94241CE42751DE9700B577AB /* Assets.xcassets */; };
		94241CE82751DE9700B577AB /* LaunchScreen.storyboard in Resources */ = {isa = PBXBuildFile; fileRef = 94241CE62751DE9700B577AB /* LaunchScreen.storyboard */; };
		94241CF32751DE9700B577AB /* FXArticleTests.swift in Sources */ = {isa = PBXBuildFile; fileRef = 94241CF22751DE9700B577AB /* FXArticleTests.swift */; };
/* End PBXBuildFile section */

/* Begin PBXContainerItemProxy section */
		94241CEF2751DE9700B577AB /* PBXContainerItemProxy */ = {
			isa = PBXContainerItemProxy;
			containerPortal = 94241CD02751DE9500B577AB /* Project object */;
			proxyType = 1;
			remoteGlobalIDString = 94241CD72751DE9600B577AB;
			remoteInfo = FXArticle;
		};
/* End PBXContainerItemProxy section */

/* Begin PBXFileReference section */
		94241CD82751DE9600B577AB /* FXArticle.app */ = {isa = PBXFileReference; explicitFileType = wrapper.application; includeInIndex = 0; path = FXArticle.app; sourceTree = BUILT_PRODUCTS_DIR; };
		94241CDB2751DE9600B577AB /* AppDelegate.swift */ = {isa = PBXFileReference; lastKnownFileType = sourcecode.swift; path = AppDelegate.swift; sourceTree = "<group>"; };
		94241CDD2751DE9600B577AB /* SceneDelegate.swift */ = {isa = PBXFileReference; lastKnownFileType = sourcecode.swift; path = SceneDelegate.swift; sourceTree = "<group>"; };
		94241CDF2751DE9600B577AB /* ViewController.swift */ = {isa = PBXFileReference; lastKnownFileType = sourcecode.swift; path = ViewController.swift; sourceTree = "<group>"; };
		94241CE22751DE9600B577AB /* Base */ = {isa = PBXFileReference; lastKnownFileType = file.storyboard; name = Base; path = Base.lproj/Main.storyboard; sourceTree = "<group>"; };
		94241CE42751DE9700B577AB /* Assets.xcassets */ = {isa = PBXFileReference; lastKnownFileType = folder.assetcatalog; path = Assets.xcassets; sourceTree = "<group>"; };
		94241CE72751DE9700B577AB /* Base */ = {isa = PBXFileReference; lastKnownFileType = file.storyboard; name = Base; path = Base.lproj/LaunchScreen.storyboard; sourceTree = "<group>"; };
		94241CE92751DE9700B577AB /* Info.plist */ = {isa = PBXFileReference; lastKnownFileType = text.plist.xml; path = Info.plist; sourceTree = "<group>"; };
		94241CEE2751DE9700B577AB /* FXArticleTests.xctest */ = {isa = PBXFileReference; explicitFileType = wrapper.cfbundle; includeInIndex = 0; path = FXArticleTests.xctest; sourceTree = BUILT_PRODUCTS_DIR; };
		94241CF22751DE9700B577AB /* FXArticleTests.swift */ = {isa = PBXFileReference; lastKnownFileType = sourcecode.swift; path = FXArticleTests.swift; sourceTree = "<group>"; };
		94241CF42751DE9700B577AB /* Info.plist */ = {isa = PBXFileReference; lastKnownFileType = text.plist.xml; path = Info.plist; sourceTree = "<group>"; };
/* End PBXFileReference section */

/* Begin PBXFrameworksBuildPhase section */
		94241CD52751DE9600B577AB /* Frameworks */ = {
			isa = PBXFrameworksBuildPhase;
			buildActionMask = 2147483647;
			files = (
			);
			runOnlyForDeploymentPostprocessing = 0;
		};
		94241CEB2751DE9700B577AB /* Frameworks */ = {
			isa = PBXFrameworksBuildPhase;
			buildActionMask = 2147483647;
			files = (
			);
			runOnlyForDeploymentPostprocessing = 0;
		};
/* End PBXFrameworksBuildPhase section */

/* Begin PBXGroup section */
		94241CCF2751DE9500B577AB = {
			isa = PBXGroup;
			children = (
				94241CDA2751DE9600B577AB /* FXArticle */,
				94241CF12751DE9700B577AB /* FXArticleTests */,
				94241CD92751DE9600B577AB /* Products */,
			);
			sourceTree = "<group>";
		};
		94241CD92751DE9600B577AB /* Products */ = {
			isa = PBXGroup;
			children = (
				94241CD82751DE9600B577AB /* FXArticle.app */,
				94241CEE2751DE9700B577AB /* FXArticleTests.xctest */,
			);
			name = Products;
			sourceTree = "<group>";
		};
		94241CDA2751DE9600B577AB /* FXArticle */ = {
			isa = PBXGroup;
			children = (
				94241CDB2751DE9600B577AB /* AppDelegate.swift */,
				94241CDD2751DE9600B577AB /* SceneDelegate.swift */,
				94241CDF2751DE9600B577AB /* ViewController.swift */,
				94241CE12751DE9600B577AB /* Main.storyboard */,
				94241CE42751DE9700B577AB /* Assets.xcassets */,
				94241CE62751DE9700B577AB /* LaunchScreen.storyboard */,
				94241CE92751DE9700B577AB /* Info.plist */,
			);
			path = FXArticle;
			sourceTree = "<group>";
		};
		94241CF12751DE9700B577AB /* FXArticleTests */ = {
			isa = PBXGroup;
			children = (
				94241CF22751DE9700B577AB /* FXArticleTests.swift */,
				94241CF42751DE9700B577AB /* Info.plist */,
			);
			path = FXArticleTests;
			sourceTree = "<group>";
		};
/* End PBXGroup section */

/* Begin PBXNativeTarget section */
		94241CD72751DE9600B577AB /* FXArticle */ = {
			isa = PBXNativeTarget;
			buildConfigurationList = 94241D022751DE9700B577AB /* Build configuration list for PBXNativeTarget "FXArticle" */;
			buildPhases = (
				94241CD42751DE9600B577AB /* Sources */,
				94241CD52751DE9600B577AB /* Frameworks */,
				94241CD62751DE9600B577AB /* Resources */,
			);
			buildRules = (
			);
			dependencies = (
			);
			name = FXArticle;
			productName = FXArticle;
			productReference = 94241CD82751DE9600B577AB /* FXArticle.app */;
			productType = "com.apple.product-type.application";
		};
		94241CED2751DE9700B577AB /* FXArticleTests */ = {
			isa = PBXNativeTarget;
			buildConfigurationList = 94241D052751DE9700B577AB /* Build configuration list for PBXNativeTarget "FXArticleTests" */;
			buildPhases = (
				94241CEA2751DE9700B577AB /* Sources */,
				94241CEB2751DE9700B577AB /* Frameworks */,
				94241CEC2751DE9700B577AB /* Resources */,
			);
			buildRules = (
			);
			dependencies = (
				94241CF02751DE9700B577AB /* PBXTargetDependency */,
			);
			name = FXArticleTests;
			productName = FXArticleTests;
			productReference = 94241CEE2751DE9700B577AB /* FXArticleTests.xctest */;
			productType = "com.apple.product-type.bundle.unit-test";
		};
/* End PBXNativeTarget section */

/* Begin PBXProject section */
		94241CD02751DE9500B577AB /* Project object */ = {
			isa = PBXProject;
			attributes = {
				LastSwiftUpdateCheck = 1250;
				LastUpgradeCheck = 1250;
				TargetAttributes = {
					94241CD72751DE9600B577AB = {
						CreatedOnToolsVersion = 12.5.1;
					};
					94241CED2751DE9700B577AB = {
						CreatedOnToolsVersion = 12.5.1;
						TestTargetID = 94241CD72751DE9600B577AB;
					};
				};
			};
			buildConfigurationList = 94241CD32751DE9500B577AB /* Build configuration list for PBXProject "FXArticle" */;
			compatibilityVersion = "Xcode 9.3";
			developmentRegion = en;
			hasScannedForEncodings = 0;
			knownRegions = (
				en,
				Base,
			);
			mainGroup = 94241CCF2751DE9500B577AB;
			productRefGroup = 94241CD92751DE9600B577AB /* Products */;
			projectDirPath = "";
			projectRoot = "";
			targets = (
				94241CD72751DE9600B577AB /* FXArticle */,
				94241CED2751DE9700B577AB /* FXArticleTests */,
			);
		};
/* End PBXProject section */

/* Begin PBXResourcesBuildPhase section */
		94241CD62751DE9600B577AB /* Resources */ = {
			isa = PBXResourcesBuildPhase;
			buildActionMask = 2147483647;
			files = (
				94241CE82751DE9700B577AB /* LaunchScreen.storyboard in Resources */,
				94241CE52751DE9700B577AB /* Assets.xcassets in Resources */,
				94241CE32751DE9600B577AB /* Main.storyboard in Resources */,
			);
			runOnlyForDeploymentPostprocessing = 0;
		};
		94241CEC2751DE9700B577AB /* Resources */ = {
			isa = PBXResourcesBuildPhase;
			buildActionMask = 2147483647;
			files = (
			);
			runOnlyForDeploymentPostprocessing = 0;
		};
/* End PBXResourcesBuildPhase section */

/* Begin PBXSourcesBuildPhase section */
		94241CD42751DE9600B577AB /* Sources */ = {
			isa = PBXSourcesBuildPhase;
			buildActionMask = 2147483647;
			files = (
				94241CE02751DE9600B577AB /* ViewController.swift in Sources */,
				94241CDC2751DE9600B577AB /* AppDelegate.swift in Sources */,
				94241CDE2751DE9600B577AB /* SceneDelegate.swift in Sources */,
			);
			runOnlyForDeploymentPostprocessing = 0;
		};
		94241CEA2751DE9700B577AB /* Sources */ = {
			isa = PBXSourcesBuildPhase;
			buildActionMask = 2147483647;
			files = (
				94241CF32751DE9700B577AB /* FXArticleTests.swift in Sources */,
			);
			runOnlyForDeploymentPostprocessing = 0;
		};
/* End PBXSourcesBuildPhase section */

/* Begin PBXTargetDependency section */
		94241CF02751DE9700B577AB /* PBXTargetDependency */ = {
			isa = PBXTargetDependency;
			target = 94241CD72751DE9600B577AB /* FXArticle */;
			targetProxy = 94241CEF2751DE9700B577AB /* PBXContainerItemProxy */;
		};
/* End PBXTargetDependency section */

/* Begin PBXVariantGroup section */
		94241CE12751DE9600B577AB /* Main.storyboard */ = {
			isa = PBXVariantGroup;
			children = (
				94241CE22751DE9600B577AB /* Base */,
			);
			name = Main.storyboard;
			sourceTree = "<group>";
		};
		94241CE62751DE9700B577AB /* LaunchScreen.storyboard */ = {
			isa = PBXVariantGroup;
			children = (
				94241CE72751DE9700B577AB /* Base */,
			);
			name = LaunchScreen.storyboard;
			sourceTree = "<group>";
		};
/* End PBXVariantGroup section */

/* Begin XCBuildConfiguration section */
		94241D002751DE9700B577AB /* Debug */ = {
			isa = XCBuildConfiguration;
			buildSettings = {
				ALWAYS_SEARCH_USER_PATHS = NO;
				CLANG_ANALYZER_NONNULL = YES;
				CLANG_ANALYZER_NUMBER_OBJECT_CONVERSION = YES_AGGRESSIVE;
				CLANG_CXX_LANGUAGE_STANDARD = "gnu++14";
				CLANG_CXX_LIBRARY = "libc++";
				CLANG_ENABLE_MODULES = YES;
				CLANG_ENABLE_OBJC_ARC = YES;
				CLANG_ENABLE_OBJC_WEAK = YES;
				CLANG_WARN_BLOCK_CAPTURE_AUTORELEASING = YES;
				CLANG_WARN_BOOL_CONVERSION = YES;
				CLANG_WARN_COMMA = YES;
				CLANG_WARN_CONSTANT_CONVERSION = YES;
				CLANG_WARN_DEPRECATED_OBJC_IMPLEMENTATIONS = YES;
				CLANG_WARN_DIRECT_OBJC_ISA_USAGE = YES_ERROR;
				CLANG_WARN_DOCUMENTATION_COMMENTS = YES;
				CLANG_WARN_EMPTY_BODY = YES;
				CLANG_WARN_ENUM_CONVERSION = YES;
				CLANG_WARN_INFINITE_RECURSION = YES;
				CLANG_WARN_INT_CONVERSION = YES;
				CLANG_WARN_NON_LITERAL_NULL_CONVERSION = YES;
				CLANG_WARN_OBJC_IMPLICIT_RETAIN_SELF = YES;
				CLANG_WARN_OBJC_LITERAL_CONVERSION = YES;
				CLANG_WARN_OBJC_ROOT_CLASS = YES_ERROR;
				CLANG_WARN_QUOTED_INCLUDE_IN_FRAMEWORK_HEADER = YES;
				CLANG_WARN_RANGE_LOOP_ANALYSIS = YES;
				CLANG_WARN_STRICT_PROTOTYPES = YES;
				CLANG_WARN_SUSPICIOUS_MOVE = YES;
				CLANG_WARN_UNGUARDED_AVAILABILITY = YES_AGGRESSIVE;
				CLANG_WARN_UNREACHABLE_CODE = YES;
				CLANG_WARN__DUPLICATE_METHOD_MATCH = YES;
				COPY_PHASE_STRIP = NO;
				DEBUG_INFORMATION_FORMAT = dwarf;
				ENABLE_STRICT_OBJC_MSGSEND = YES;
				ENABLE_TESTABILITY = YES;
				GCC_C_LANGUAGE_STANDARD = gnu11;
				GCC_DYNAMIC_NO_PIC = NO;
				GCC_NO_COMMON_BLOCKS = YES;
				GCC_OPTIMIZATION_LEVEL = 0;
				GCC_PREPROCESSOR_DEFINITIONS = (
					"DEBUG=1",
					"$(inherited)",
				);
				GCC_WARN_64_TO_32_BIT_CONVERSION = YES;
				GCC_WARN_ABOUT_RETURN_TYPE = YES_ERROR;
				GCC_WARN_UNDECLARED_SELECTOR = YES;
				GCC_WARN_UNINITIALIZED_AUTOS = YES_AGGRESSIVE;
				GCC_WARN_UNUSED_FUNCTION = YES;
				GCC_WARN_UNUSED_VARIABLE = YES;
				IPHONEOS_DEPLOYMENT_TARGET = 14.5;
				MTL_ENABLE_DEBUG_INFO = INCLUDE_SOURCE;
				MTL_FAST_MATH = YES;
				ONLY_ACTIVE_ARCH = YES;
				SDKROOT = iphoneos;
				SWIFT_ACTIVE_COMPILATION_CONDITIONS = DEBUG;
				SWIFT_OPTIMIZATION_LEVEL = "-Onone";
			};
			name = Debug;
		};
		94241D012751DE9700B577AB /* Release */ = {
			isa = XCBuildConfiguration;
			buildSettings = {
				ALWAYS_SEARCH_USER_PATHS = NO;
				CLANG_ANALYZER_NONNULL = YES;
				CLANG_ANALYZER_NUMBER_OBJECT_CONVERSION = YES_AGGRESSIVE;
				CLANG_CXX_LANGUAGE_STANDARD = "gnu++14";
				CLANG_CXX_LIBRARY = "libc++";
				CLANG_ENABLE_MODULES = YES;
				CLANG_ENABLE_OBJC_ARC = YES;
				CLANG_ENABLE_OBJC_WEAK = YES;
				CLANG_WARN_BLOCK_CAPTURE_AUTORELEASING = YES;
				CLANG_WARN_BOOL_CONVERSION = YES;
				CLANG_WARN_COMMA = YES;
				CLANG_WARN_CONSTANT_CONVERSION = YES;
				CLANG_WARN_DEPRECATED_OBJC_IMPLEMENTATIONS = YES;
				CLANG_WARN_DIRECT_OBJC_ISA_USAGE = YES_ERROR;
				CLANG_WARN_DOCUMENTATION_COMMENTS = YES;
				CLANG_WARN_EMPTY_BODY = YES;
				CLANG_WARN_ENUM_CONVERSION = YES;
				CLANG_WARN_INFINITE_RECURSION = YES;
				CLANG_WARN_INT_CONVERSION = YES;
				CLANG_WARN_NON_LITERAL_NULL_CONVERSION = YES;
				CLANG_WARN_OBJC_IMPLICIT_RETAIN_SELF = YES;
				CLANG_WARN_OBJC_LITERAL_CONVERSION = YES;
				CLANG_WARN_OBJC_ROOT_CLASS = YES_ERROR;
				CLANG_WARN_QUOTED_INCLUDE_IN_FRAMEWORK_HEADER = YES;
				CLANG_WARN_RANGE_LOOP_ANALYSIS = YES;
				CLANG_WARN_STRICT_PROTOTYPES = YES;
				CLANG_WARN_SUSPICIOUS_MOVE = YES;
				CLANG_WARN_UNGUARDED_AVAILABILITY = YES_AGGRESSIVE;
				CLANG_WARN_UNREACHABLE_CODE = YES;
				CLANG_WARN__DUPLICATE_METHOD_MATCH = YES;
				COPY_PHASE_STRIP = NO;
				DEBUG_INFORMATION_FORMAT = "dwarf-with-dsym";
				ENABLE_NS_ASSERTIONS = NO;
				ENABLE_STRICT_OBJC_MSGSEND = YES;
				GCC_C_LANGUAGE_STANDARD = gnu11;
				GCC_NO_COMMON_BLOCKS = YES;
				GCC_WARN_64_TO_32_BIT_CONVERSION = YES;
				GCC_WARN_ABOUT_RETURN_TYPE = YES_ERROR;
				GCC_WARN_UNDECLARED_SELECTOR = YES;
				GCC_WARN_UNINITIALIZED_AUTOS = YES_AGGRESSIVE;
				GCC_WARN_UNUSED_FUNCTION = YES;
				GCC_WARN_UNUSED_VARIABLE = YES;
				IPHONEOS_DEPLOYMENT_TARGET = 14.5;
				MTL_ENABLE_DEBUG_INFO = NO;
				MTL_FAST_MATH = YES;
				SDKROOT = iphoneos;
				SWIFT_COMPILATION_MODE = wholemodule;
				SWIFT_OPTIMIZATION_LEVEL = "-O";
				VALIDATE_PRODUCT = YES;
			};
			name = Release;
		};
		94241D032751DE9700B577AB /* Debug */ = {
			isa = XCBuildConfiguration;
			buildSettings = {
				ASSETCATALOG_COMPILER_APPICON_NAME = AppIcon;
				ASSETCATALOG_COMPILER_GLOBAL_ACCENT_COLOR_NAME = AccentColor;
				CODE_SIGN_STYLE = Automatic;
				DEVELOPMENT_TEAM = HEJDYB7G5K;
				INFOPLIST_FILE = FXArticle/Info.plist;
				IPHONEOS_DEPLOYMENT_TARGET = 13.0;
				LD_RUNPATH_SEARCH_PATHS = (
					"$(inherited)",
					"@executable_path/Frameworks",
				);
				PRODUCT_BUNDLE_IDENTIFIER = ig.interview.FXArticle;
				PRODUCT_NAME = "$(TARGET_NAME)";
				SWIFT_VERSION = 5.0;
				TARGETED_DEVICE_FAMILY = "1,2";
			};
			name = Debug;
		};
		94241D042751DE9700B577AB /* Release */ = {
			isa = XCBuildConfiguration;
			buildSettings = {
				ASSETCATALOG_COMPILER_APPICON_NAME = AppIcon;
				ASSETCATALOG_COMPILER_GLOBAL_ACCENT_COLOR_NAME = AccentColor;
				CODE_SIGN_STYLE = Automatic;
				DEVELOPMENT_TEAM = HEJDYB7G5K;
				INFOPLIST_FILE = FXArticle/Info.plist;
				IPHONEOS_DEPLOYMENT_TARGET = 13.0;
				LD_RUNPATH_SEARCH_PATHS = (
					"$(inherited)",
					"@executable_path/Frameworks",
				);
				PRODUCT_BUNDLE_IDENTIFIER = ig.interview.FXArticle;
				PRODUCT_NAME = "$(TARGET_NAME)";
				SWIFT_VERSION = 5.0;
				TARGETED_DEVICE_FAMILY = "1,2";
			};
			name = Release;
		};
		94241D062751DE9700B577AB /* Debug */ = {
			isa = XCBuildConfiguration;
			buildSettings = {
				ALWAYS_EMBED_SWIFT_STANDARD_LIBRARIES = YES;
				BUNDLE_LOADER = "$(TEST_HOST)";
				CODE_SIGN_STYLE = Automatic;
				DEVELOPMENT_TEAM = HEJDYB7G5K;
				INFOPLIST_FILE = FXArticleTests/Info.plist;
				IPHONEOS_DEPLOYMENT_TARGET = 14.5;
				LD_RUNPATH_SEARCH_PATHS = (
					"$(inherited)",
					"@executable_path/Frameworks",
					"@loader_path/Frameworks",
				);
				PRODUCT_BUNDLE_IDENTIFIER = ig.interview.FXArticleTests;
				PRODUCT_NAME = "$(TARGET_NAME)";
				SWIFT_VERSION = 5.0;
				TARGETED_DEVICE_FAMILY = "1,2";
				TEST_HOST = "$(BUILT_PRODUCTS_DIR)/FXArticle.app/FXArticle";
			};
			name = Debug;
		};
		94241D072751DE9700B577AB /* Release */ = {
			isa = XCBuildConfiguration;
			buildSettings = {
				ALWAYS_EMBED_SWIFT_STANDARD_LIBRARIES = YES;
				BUNDLE_LOADER = "$(TEST_HOST)";
				CODE_SIGN_STYLE = Automatic;
				DEVELOPMENT_TEAM = HEJDYB7G5K;
				INFOPLIST_FILE = FXArticleTests/Info.plist;
				IPHONEOS_DEPLOYMENT_TARGET = 14.5;
				LD_RUNPATH_SEARCH_PATHS = (
					"$(inherited)",
					"@executable_path/Frameworks",
					"@loader_path/Frameworks",
				);
				PRODUCT_BUNDLE_IDENTIFIER = ig.interview.FXArticleTests;
				PRODUCT_NAME = "$(TARGET_NAME)";
				SWIFT_VERSION = 5.0;
				TARGETED_DEVICE_FAMILY = "1,2";
				TEST_HOST = "$(BUILT_PRODUCTS_DIR)/FXArticle.app/FXArticle";
			};
			name = Release;
		};
/* End XCBuildConfiguration section */

/* Begin XCConfigurationList section */
		94241CD32751DE9500B577AB /* Build configuration list for PBXProject "FXArticle" */ = {
			isa = XCConfigurationList;
			buildConfigurations = (
				94241D002751DE9700B577AB /* Debug */,
				94241D012751DE9700B577AB /* Release */,
			);
			defaultConfigurationIsVisible = 0;
			defaultConfigurationName = Release;
		};
		94241D022751DE9700B577AB /* Build configuration list for PBXNativeTarget "FXArticle" */ = {
			isa = XCConfigurationList;
			buildConfigurations = (
				94241D032751DE9700B577AB /* Debug */,
				94241D042751DE9700B577AB /* Release */,
			);
			defaultConfigurationIsVisible = 0;
			defaultConfigurationName = Release;
		};
		94241D052751DE9700B577AB /* Build configuration list for PBXNativeTarget "FXArticleTests" */ = {
			isa = XCConfigurationList;
			buildConfigurations = (
				94241D062751DE9700B577AB /* Debug */,
				94241D072751DE9700B577AB /* Release */,
			);
			defaultConfigurationIsVisible = 0;
			defaultConfigurationName = Release;
		};
/* End XCConfigurationList section */
	};
	rootObject = 94241CD02751DE9500B577AB /* Project object */;
}
